
Microsoft Visual Studio Solution File, Format Version 12.00
# Visual Studio Version 16
VisualStudioVersion = 16.0.29911.84
MinimumVisualStudioVersion = 10.0.40219.1
Project("{FAE04EC0-301F-11D3-BF4B-00C04F79EFBC}") = "AdventOfCode2020", "AdventOfCode2020\AdventOfCode2020.csproj", "{169C14C9-BF24-408A-A046-42E2ADE11A34}"
EndProject
Global
	GlobalSection(SolutionConfigurationPlatforms) = preSolution
		Debug|Any CPU = Debug|Any CPU
		Release|Any CPU = Release|Any CPU
	EndGlobalSection
	GlobalSection(ProjectConfigurationPlatforms) = postSolution
		{169C14C9-BF24-408A-A046-42E2ADE11A34}.Debug|Any CPU.ActiveCfg = Debug|Any CPU
		{169C14C9-BF24-408A-A046-42E2ADE11A34}.Debug|Any CPU.Build.0 = Debug|Any CPU
		{169C14C9-BF24-408A-A046-42E2ADE11A34}.Release|Any CPU.ActiveCfg = Release|Any CPU
		{169C14C9-BF24-408A-A046-42E2ADE11A34}.Release|Any CPU.Build.0 = Release|Any CPU
	EndGlobalSection
	GlobalSection(SolutionProperties) = preSolution
		HideSolutionNode = FALSE
	EndGlobalSection
	GlobalSection(ExtensibilityGlobals) = postSolution
		SolutionGuid = {FB5D380B-EA66-4616-B57A-4B475BBF39AD}
	EndGlobalSection
EndGlobal
